<Solution>
  <Project Path="SkillBot.Api/SkillBot.Api.csproj" />
  <Project Path="SkillBot.Console/SkillBot.Console.csproj" />
  <Project Path="SkillBot.Core/SkillBot.Core.csproj" />
  <Project Path="SkillBot.Infrastructure/SkillBot.Infrastructure.csproj" />
  <Project Path="SkillBot.Plugins/SkillBot.Plugins.csproj" />
</Solution>
